
Microsoft Visual Studio Solution File, Format Version 12.00
# Visual Studio Version 16
VisualStudioVersion = 16.0.30907.101
MinimumVisualStudioVersion = 10.0.40219.1
Project("{FAE04EC0-301F-11D3-BF4B-00C04F79EFBC}") = "mvc-mom2", "mvc-mom2\mvc-mom2.csproj", "{7F2EF61B-BBE6-4ED2-9AA0-48EA15CFA572}"
EndProject
Global
	GlobalSection(SolutionConfigurationPlatforms) = preSolution
		Debug|Any CPU = Debug|Any CPU
		Release|Any CPU = Release|Any CPU
	EndGlobalSection
	GlobalSection(ProjectConfigurationPlatforms) = postSolution
		{7F2EF61B-BBE6-4ED2-9AA0-48EA15CFA572}.Debug|Any CPU.ActiveCfg = Debug|Any CPU
		{7F2EF61B-BBE6-4ED2-9AA0-48EA15CFA572}.Debug|Any CPU.Build.0 = Debug|Any CPU
		{7F2EF61B-BBE6-4ED2-9AA0-48EA15CFA572}.Release|Any CPU.ActiveCfg = Release|Any CPU
		{7F2EF61B-BBE6-4ED2-9AA0-48EA15CFA572}.Release|Any CPU.Build.0 = Release|Any CPU
	EndGlobalSection
	GlobalSection(SolutionProperties) = preSolution
		HideSolutionNode = FALSE
	EndGlobalSection
	GlobalSection(ExtensibilityGlobals) = postSolution
		SolutionGuid = {829E53D4-0E77-49A8-B3A9-535B9D892923}
	EndGlobalSection
EndGlobal
